{
  "name": "Rafs",
  "lockfileVersion": 3,
  "requires": true,
  "packages": {
    "": {
      "devDependencies": {
        "prettier-plugin-curly": "^0.4.1"
      }
    },
    "node_modules/prettier": {
      "version": "3.9.6",
      "resolved": "https://registry.npmjs.org/prettier/-/prettier-3.9.6.tgz",
      "integrity": "sha512-OpN0zzVdiaiAhxpuuj5efpIS4sY9j7bY6uR5mnj5yPzGkdkjNKSJeUThPb60Jw29QuAZgA4o+/iB49kFiaBX6g==",
      "dev": true,
      "license": "MIT",
      "peer": true,
      "bin": {
        "prettier": "bin/prettier.cjs"
      },
      "engines": {
        "node": ">=14"
      },
      "funding": {
        "url": "https://github.com/prettier/prettier?sponsor=1"
      }
    },
    "node_modules/prettier-plugin-curly": {
      "version": "0.4.1",
      "resolved": "https://registry.npmjs.org/prettier-plugin-curly/-/prettier-plugin-curly-0.4.1.tgz",
      "integrity": "sha512-Xc7zatoD0/08zYFv+hwnlqT5ekM81DCbBr73CWAsr1Fmx7qLQT/M0wfPx6w/+zfnmXH009xYvjzLUPcwzq7Fbw==",
      "dev": true,
      "license": "MIT",
      "engines": {
        "node": ">=18"
      },
      "peerDependencies": {
        "prettier": "^3"
      }
    }
  }
}
